Microsoft Visual Studio Solution File, Format Version 12.00
# Visual Studio 2012
Project("{FAE04EC0-301F-11D3-BF4B-00C04F79EFBC}") = "Game-1-Flappy-Bird", "Game-1-Flappy-Bird.csproj", "{4FD95198-FA3B-4885-AF8F-59B0969AE34E}"
EndProject
Global
	GlobalSection(SolutionConfigurationPlatforms) = preSolution
	Debug|Any CPU = Debug|Any CPU
	ExportDebug|Any CPU = ExportDebug|Any CPU
	ExportRelease|Any CPU = ExportRelease|Any CPU
	EndGlobalSection
	GlobalSection(ProjectConfigurationPlatforms) = postSolution
		{4FD95198-FA3B-4885-AF8F-59B0969AE34E}.Debug|Any CPU.ActiveCfg = Debug|Any CPU
		{4FD95198-FA3B-4885-AF8F-59B0969AE34E}.Debug|Any CPU.Build.0 = Debug|Any CPU
		{4FD95198-FA3B-4885-AF8F-59B0969AE34E}.ExportDebug|Any CPU.ActiveCfg = ExportDebug|Any CPU
		{4FD95198-FA3B-4885-AF8F-59B0969AE34E}.ExportDebug|Any CPU.Build.0 = ExportDebug|Any CPU
		{4FD95198-FA3B-4885-AF8F-59B0969AE34E}.ExportRelease|Any CPU.ActiveCfg = ExportRelease|Any CPU
		{4FD95198-FA3B-4885-AF8F-59B0969AE34E}.ExportRelease|Any CPU.Build.0 = ExportRelease|Any CPU
	EndGlobalSection
EndGlobal
